// !$*UTF8*$!
{
	archiveVersion = 1;
	classes = {
	};
	objectVersion = 55;
	objects = {

/* Begin PBXBuildFile section */
		AE5B965428A24F690055CB00 /* AppDelegate.swift in Sources */ = {isa = PBXBuildFile; fileRef = AE5B965328A24F690055CB00 /* AppDelegate.swift */; };
		AE5B965628A24F690055CB00 /* SceneDelegate.swift in Sources */ = {isa = PBXBuildFile; fileRef = AE5B965528A24F690055CB00 /* SceneDelegate.swift */; };
		AE5B965B28A24F690055CB00 /* Main.storyboard in Resources */ = {isa = PBXBuildFile; fileRef = AE5B965928A24F690055CB00 /* Main.storyboard */; };
		AE5B965D28A24F6A0055CB00 /* Assets.xcassets in Resources */ = {isa = PBXBuildFile; fileRef = AE5B965C28A24F6A0055CB00 /* Assets.xcassets */; };
		AE5B966028A24F6A0055CB00 /* LaunchScreen.storyboard in Resources */ = {isa = PBXBuildFile; fileRef = AE5B965E28A24F6A0055CB00 /* LaunchScreen.storyboard */; };
		AE6AE57428AB064A001878C0 /* Methods.swift in Sources */ = {isa = PBXBuildFile; fileRef = AE6AE57028AB064A001878C0 /* Methods.swift */; };
		AE6AE57528AB064A001878C0 /* Table.swift in Sources */ = {isa = PBXBuildFile; fileRef = AE6AE57128AB064A001878C0 /* Table.swift */; };
		AE6AE57628AB064A001878C0 /* Extensions.swift in Sources */ = {isa = PBXBuildFile; fileRef = AE6AE57228AB064A001878C0 /* Extensions.swift */; };
		AE6AE57728AB064A001878C0 /* TableData.swift in Sources */ = {isa = PBXBuildFile; fileRef = AE6AE57328AB064A001878C0 /* TableData.swift */; };
		AEDA940028A8417000488C62 /* ContactListViewController.swift in Sources */ = {isa = PBXBuildFile; fileRef = AEDA93FF28A8417000488C62 /* ContactListViewController.swift */; };
		AEDA940228A843D900488C62 /* TodoListViewController.swift in Sources */ = {isa = PBXBuildFile; fileRef = AEDA940128A843D900488C62 /* TodoListViewController.swift */; };
		AEDA940428A8498000488C62 /* Todo.swift in Sources */ = {isa = PBXBuildFile; fileRef = AEDA940328A8498000488C62 /* Todo.swift */; };
		AEDA940628A849C300488C62 /* WeatherViewController.swift in Sources */ = {isa = PBXBuildFile; fileRef = AEDA940528A849C300488C62 /* WeatherViewController.swift */; };
		AEDA940828A84B8700488C62 /* Weather.swift in Sources */ = {isa = PBXBuildFile; fileRef = AEDA940728A84B8700488C62 /* Weather.swift */; };
		AEDA940A28A87A1000488C62 /* PostsViewController.swift in Sources */ = {isa = PBXBuildFile; fileRef = AEDA940928A87A1000488C62 /* PostsViewController.swift */; };
		AEDA940C28A87A1900488C62 /* Post.swift in Sources */ = {isa = PBXBuildFile; fileRef = AEDA940B28A87A1900488C62 /* Post.swift */; };
		AEF2ABA928B4CB1100E90162 /* ExampleTests.swift in Sources */ = {isa = PBXBuildFile; fileRef = AEF2ABA828B4CB1100E90162 /* ExampleTests.swift */; };
/* End PBXBuildFile section */

/* Begin PBXContainerItemProxy section */
		AEF2ABAA28B4CB1100E90162 /* PBXContainerItemProxy */ = {
			isa = PBXContainerItemProxy;
			containerPortal = AE5B964828A24F690055CB00 /* Project object */;
			proxyType = 1;
			remoteGlobalIDString = AE5B964F28A24F690055CB00;
			remoteInfo = Example;
		};
/* End PBXContainerItemProxy section */

/* Begin PBXFileReference section */
		AE5B965028A24F690055CB00 /* Example.app */ = {isa = PBXFileReference; explicitFileType = wrapper.application; includeInIndex = 0; path = Example.app; sourceTree = BUILT_PRODUCTS_DIR; };
		AE5B965328A24F690055CB00 /* AppDelegate.swift */ = {isa = PBXFileReference; lastKnownFileType = sourcecode.swift; path = AppDelegate.swift; sourceTree = "<group>"; };
		AE5B965528A24F690055CB00 /* SceneDelegate.swift */ = {isa = PBXFileReference; lastKnownFileType = sourcecode.swift; path = SceneDelegate.swift; sourceTree = "<group>"; };
		AE5B965A28A24F690055CB00 /* Base */ = {isa = PBXFileReference; lastKnownFileType = file.storyboard; name = Base; path = Base.lproj/Main.storyboard; sourceTree = "<group>"; };
		AE5B965C28A24F6A0055CB00 /* Assets.xcassets */ = {isa = PBXFileReference; lastKnownFileType = folder.assetcatalog; path = Assets.xcassets; sourceTree = "<group>"; };
		AE5B965F28A24F6A0055CB00 /* Base */ = {isa = PBXFileReference; lastKnownFileType = file.storyboard; name = Base; path = Base.lproj/LaunchScreen.storyboard; sourceTree = "<group>"; };
		AE5B966128A24F6A0055CB00 /* Info.plist */ = {isa = PBXFileReference; lastKnownFileType = text.plist.xml; path = Info.plist; sourceTree = "<group>"; };
		AE6AE57028AB064A001878C0 /* Methods.swift */ = {isa = PBXFileReference; fileEncoding = 4; lastKnownFileType = sourcecode.swift; path = Methods.swift; sourceTree = "<group>"; };
		AE6AE57128AB064A001878C0 /* Table.swift */ = {isa = PBXFileReference; fileEncoding = 4; lastKnownFileType = sourcecode.swift; path = Table.swift; sourceTree = "<group>"; };
		AE6AE57228AB064A001878C0 /* Extensions.swift */ = {isa = PBXFileReference; fileEncoding = 4; lastKnownFileType = sourcecode.swift; path = Extensions.swift; sourceTree = "<group>"; };
		AE6AE57328AB064A001878C0 /* TableData.swift */ = {isa = PBXFileReference; fileEncoding = 4; lastKnownFileType = sourcecode.swift; path = TableData.swift; sourceTree = "<group>"; };
		AEDA93FF28A8417000488C62 /* ContactListViewController.swift */ = {isa = PBXFileReference; lastKnownFileType = sourcecode.swift; path = ContactListViewController.swift; sourceTree = "<group>"; };
		AEDA940128A843D900488C62 /* TodoListViewController.swift */ = {isa = PBXFileReference; lastKnownFileType = sourcecode.swift; path = TodoListViewController.swift; sourceTree = "<group>"; };
		AEDA940328A8498000488C62 /* Todo.swift */ = {isa = PBXFileReference; lastKnownFileType = sourcecode.swift; path = Todo.swift; sourceTree = "<group>"; };
		AEDA940528A849C300488C62 /* WeatherViewController.swift */ = {isa = PBXFileReference; lastKnownFileType = sourcecode.swift; path = WeatherViewController.swift; sourceTree = "<group>"; };
		AEDA940728A84B8700488C62 /* Weather.swift */ = {isa = PBXFileReference; lastKnownFileType = sourcecode.swift; path = Weather.swift; sourceTree = "<group>"; };
		AEDA940928A87A1000488C62 /* PostsViewController.swift */ = {isa = PBXFileReference; lastKnownFileType = sourcecode.swift; path = PostsViewController.swift; sourceTree = "<group>"; };
		AEDA940B28A87A1900488C62 /* Post.swift */ = {isa = PBXFileReference; lastKnownFileType = sourcecode.swift; path = Post.swift; sourceTree = "<group>"; };
		AEF2ABA628B4CB1100E90162 /* ExampleTests.xctest */ = {isa = PBXFileReference; explicitFileType = wrapper.cfbundle; includeInIndex = 0; path = ExampleTests.xctest; sourceTree = BUILT_PRODUCTS_DIR; };
		AEF2ABA828B4CB1100E90162 /* ExampleTests.swift */ = {isa = PBXFileReference; lastKnownFileType = sourcecode.swift; path = ExampleTests.swift; sourceTree = "<group>"; };
/* End PBXFileReference section */

/* Begin PBXFrameworksBuildPhase section */
		AE5B964D28A24F690055CB00 /* Frameworks */ = {
			isa = PBXFrameworksBuildPhase;
			buildActionMask = 2147483647;
			files = (
			);
			runOnlyForDeploymentPostprocessing = 0;
		};
		AEF2ABA328B4CB1100E90162 /* Frameworks */ = {
			isa = PBXFrameworksBuildPhase;
			buildActionMask = 2147483647;
			files = (
			);
			runOnlyForDeploymentPostprocessing = 0;
		};
/* End PBXFrameworksBuildPhase section */

/* Begin PBXGroup section */
		AE5B964728A24F690055CB00 = {
			isa = PBXGroup;
			children = (
				AE5B965228A24F690055CB00 /* Example */,
				AEF2ABA728B4CB1100E90162 /* ExampleTests */,
				AE5B965128A24F690055CB00 /* Products */,
			);
			sourceTree = "<group>";
		};
		AE5B965128A24F690055CB00 /* Products */ = {
			isa = PBXGroup;
			children = (
				AE5B965028A24F690055CB00 /* Example.app */,
				AEF2ABA628B4CB1100E90162 /* ExampleTests.xctest */,
			);
			name = Products;
			sourceTree = "<group>";
		};
		AE5B965228A24F690055CB00 /* Example */ = {
			isa = PBXGroup;
			children = (
				AE6AE56E28AB064A001878C0 /* Sources */,
				AE5B966728A24F810055CB00 /* Examples */,
				AE5B965328A24F690055CB00 /* AppDelegate.swift */,
				AE5B965528A24F690055CB00 /* SceneDelegate.swift */,
				AE5B965928A24F690055CB00 /* Main.storyboard */,
				AE5B965C28A24F6A0055CB00 /* Assets.xcassets */,
				AE5B965E28A24F6A0055CB00 /* LaunchScreen.storyboard */,
				AE5B966128A24F6A0055CB00 /* Info.plist */,
			);
			path = Example;
			sourceTree = "<group>";
		};
		AE5B966728A24F810055CB00 /* Examples */ = {
			isa = PBXGroup;
			children = (
				AEDA93FF28A8417000488C62 /* ContactListViewController.swift */,
				AEDA940128A843D900488C62 /* TodoListViewController.swift */,
				AEDA940328A8498000488C62 /* Todo.swift */,
				AEDA940528A849C300488C62 /* WeatherViewController.swift */,
				AEDA940728A84B8700488C62 /* Weather.swift */,
				AEDA940928A87A1000488C62 /* PostsViewController.swift */,
				AEDA940B28A87A1900488C62 /* Post.swift */,
			);
			path = Examples;
			sourceTree = "<group>";
		};
		AE6AE56E28AB064A001878C0 /* Sources */ = {
			isa = PBXGroup;
			children = (
				AE6AE56F28AB064A001878C0 /* Table */,
			);
			name = Sources;
			path = ../../Sources;
			sourceTree = "<group>";
		};
		AE6AE56F28AB064A001878C0 /* Table */ = {
			isa = PBXGroup;
			children = (
				AE6AE57028AB064A001878C0 /* Methods.swift */,
				AE6AE57128AB064A001878C0 /* Table.swift */,
				AE6AE57228AB064A001878C0 /* Extensions.swift */,
				AE6AE57328AB064A001878C0 /* TableData.swift */,
			);
			path = Table;
			sourceTree = "<group>";
		};
		AEF2ABA728B4CB1100E90162 /* ExampleTests */ = {
			isa = PBXGroup;
			children = (
				AEF2ABA828B4CB1100E90162 /* ExampleTests.swift */,
			);
			path = ExampleTests;
			sourceTree = "<group>";
		};
/* End PBXGroup section */

/* Begin PBXNativeTarget section */
		AE5B964F28A24F690055CB00 /* Example */ = {
			isa = PBXNativeTarget;
			buildConfigurationList = AE5B966428A24F6A0055CB00 /* Build configuration list for PBXNativeTarget "Example" */;
			buildPhases = (
				AE5B964C28A24F690055CB00 /* Sources */,
				AE5B964D28A24F690055CB00 /* Frameworks */,
				AE5B964E28A24F690055CB00 /* Resources */,
			);
			buildRules = (
			);
			dependencies = (
			);
			name = Example;
			productName = Example;
			productReference = AE5B965028A24F690055CB00 /* Example.app */;
			productType = "com.apple.product-type.application";
		};
		AEF2ABA528B4CB1100E90162 /* ExampleTests */ = {
			isa = PBXNativeTarget;
			buildConfigurationList = AEF2ABAE28B4CB1100E90162 /* Build configuration list for PBXNativeTarget "ExampleTests" */;
			buildPhases = (
				AEF2ABA228B4CB1100E90162 /* Sources */,
				AEF2ABA328B4CB1100E90162 /* Frameworks */,
				AEF2ABA428B4CB1100E90162 /* Resources */,
			);
			buildRules = (
			);
			dependencies = (
				AEF2ABAB28B4CB1100E90162 /* PBXTargetDependency */,
			);
			name = ExampleTests;
			productName = ExampleTests;
			productReference = AEF2ABA628B4CB1100E90162 /* ExampleTests.xctest */;
			productType = "com.apple.product-type.bundle.unit-test";
		};
/* End PBXNativeTarget section */

/* Begin PBXProject section */
		AE5B964828A24F690055CB00 /* Project object */ = {
			isa = PBXProject;
			attributes = {
				BuildIndependentTargetsInParallel = 1;
				LastSwiftUpdateCheck = 1340;
				LastUpgradeCheck = 1340;
				TargetAttributes = {
					AE5B964F28A24F690055CB00 = {
						CreatedOnToolsVersion = 13.4.1;
					};
					AEF2ABA528B4CB1100E90162 = {
						CreatedOnToolsVersion = 13.4.1;
						TestTargetID = AE5B964F28A24F690055CB00;
					};
				};
			};
			buildConfigurationList = AE5B964B28A24F690055CB00 /* Build configuration list for PBXProject "Example" */;
			compatibilityVersion = "Xcode 13.0";
			developmentRegion = en;
			hasScannedForEncodings = 0;
			knownRegions = (
				en,
				Base,
			);
			mainGroup = AE5B964728A24F690055CB00;
			productRefGroup = AE5B965128A24F690055CB00 /* Products */;
			projectDirPath = "";
			projectRoot = "";
			targets = (
				AE5B964F28A24F690055CB00 /* Example */,
				AEF2ABA528B4CB1100E90162 /* ExampleTests */,
			);
		};
/* End PBXProject section */

/* Begin PBXResourcesBuildPhase section */
		AE5B964E28A24F690055CB00 /* Resources */ = {
			isa = PBXResourcesBuildPhase;
			buildActionMask = 2147483647;
			files = (
				AE5B966028A24F6A0055CB00 /* LaunchScreen.storyboard in Resources */,
				AE5B965D28A24F6A0055CB00 /* Assets.xcassets in Resources */,
				AE5B965B28A24F690055CB00 /* Main.storyboard in Resources */,
			);
			runOnlyForDeploymentPostprocessing = 0;
		};
		AEF2ABA428B4CB1100E90162 /* Resources */ = {
			isa = PBXResourcesBuildPhase;
			buildActionMask = 2147483647;
			files = (
			);
			runOnlyForDeploymentPostprocessing = 0;
		};
/* End PBXResourcesBuildPhase section */

/* Begin PBXSourcesBuildPhase section */
		AE5B964C28A24F690055CB00 /* Sources */ = {
			isa = PBXSourcesBuildPhase;
			buildActionMask = 2147483647;
			files = (
				AEDA940A28A87A1000488C62 /* PostsViewController.swift in Sources */,
				AEDA940228A843D900488C62 /* TodoListViewController.swift in Sources */,
				AEDA940628A849C300488C62 /* WeatherViewController.swift in Sources */,
				AEDA940C28A87A1900488C62 /* Post.swift in Sources */,
				AEDA940828A84B8700488C62 /* Weather.swift in Sources */,
				AE5B965428A24F690055CB00 /* AppDelegate.swift in Sources */,
				AE6AE57728AB064A001878C0 /* TableData.swift in Sources */,
				AEDA940428A8498000488C62 /* Todo.swift in Sources */,
				AE6AE57628AB064A001878C0 /* Extensions.swift in Sources */,
				AE5B965628A24F690055CB00 /* SceneDelegate.swift in Sources */,
				AE6AE57428AB064A001878C0 /* Methods.swift in Sources */,
				AEDA940028A8417000488C62 /* ContactListViewController.swift in Sources */,
				AE6AE57528AB064A001878C0 /* Table.swift in Sources */,
			);
			runOnlyForDeploymentPostprocessing = 0;
		};
		AEF2ABA228B4CB1100E90162 /* Sources */ = {
			isa = PBXSourcesBuildPhase;
			buildActionMask = 2147483647;
			files = (
				AEF2ABA928B4CB1100E90162 /* ExampleTests.swift in Sources */,
			);
			runOnlyForDeploymentPostprocessing = 0;
		};
/* End PBXSourcesBuildPhase section */

/* Begin PBXTargetDependency section */
		AEF2ABAB28B4CB1100E90162 /* PBXTargetDependency */ = {
			isa = PBXTargetDependency;
			target = AE5B964F28A24F690055CB00 /* Example */;
			targetProxy = AEF2ABAA28B4CB1100E90162 /* PBXContainerItemProxy */;
		};
/* End PBXTargetDependency section */

/* Begin PBXVariantGroup section */
		AE5B965928A24F690055CB00 /* Main.storyboard */ = {
			isa = PBXVariantGroup;
			children = (
				AE5B965A28A24F690055CB00 /* Base */,
			);
			name = Main.storyboard;
			sourceTree = "<group>";
		};
		AE5B965E28A24F6A0055CB00 /* LaunchScreen.storyboard */ = {
			isa = PBXVariantGroup;
			children = (
				AE5B965F28A24F6A0055CB00 /* Base */,
			);
			name = LaunchScreen.storyboard;
			sourceTree = "<group>";
		};
/* End PBXVariantGroup section */

/* Begin XCBuildConfiguration section */
		AE5B966228A24F6A0055CB00 /* Debug */ = {
			isa = XCBuildConfiguration;
			buildSettings = {
				ALWAYS_SEARCH_USER_PATHS = NO;
				CLANG_ANALYZER_NONNULL = YES;
				CLANG_ANALYZER_NUMBER_OBJECT_CONVERSION = YES_AGGRESSIVE;
				CLANG_CXX_LANGUAGE_STANDARD = "gnu++17";
				CLANG_ENABLE_MODULES = YES;
				CLANG_ENABLE_OBJC_ARC = YES;
				CLANG_ENABLE_OBJC_WEAK = YES;
				CLANG_WARN_BLOCK_CAPTURE_AUTORELEASING = YES;
				CLANG_WARN_BOOL_CONVERSION = YES;
				CLANG_WARN_COMMA = YES;
				CLANG_WARN_CONSTANT_CONVERSION = YES;
				CLANG_WARN_DEPRECATED_OBJC_IMPLEMENTATIONS = YES;
				CLANG_WARN_DIRECT_OBJC_ISA_USAGE = YES_ERROR;
				CLANG_WARN_DOCUMENTATION_COMMENTS = YES;
				CLANG_WARN_EMPTY_BODY = YES;
				CLANG_WARN_ENUM_CONVERSION = YES;
				CLANG_WARN_INFINITE_RECURSION = YES;
				CLANG_WARN_INT_CONVERSION = YES;
				CLANG_WARN_NON_LITERAL_NULL_CONVERSION = YES;
				CLANG_WARN_OBJC_IMPLICIT_RETAIN_SELF = YES;
				CLANG_WARN_OBJC_LITERAL_CONVERSION = YES;
				CLANG_WARN_OBJC_ROOT_CLASS = YES_ERROR;
				CLANG_WARN_QUOTED_INCLUDE_IN_FRAMEWORK_HEADER = YES;
				CLANG_WARN_RANGE_LOOP_ANALYSIS = YES;
				CLANG_WARN_STRICT_PROTOTYPES = YES;
				CLANG_WARN_SUSPICIOUS_MOVE = YES;
				CLANG_WARN_UNGUARDED_AVAILABILITY = YES_AGGRESSIVE;
				CLANG_WARN_UNREACHABLE_CODE = YES;
				CLANG_WARN__DUPLICATE_METHOD_MATCH = YES;
				COPY_PHASE_STRIP = NO;
				DEBUG_INFORMATION_FORMAT = dwarf;
				ENABLE_STRICT_OBJC_MSGSEND = YES;
				ENABLE_TESTABILITY = YES;
				GCC_C_LANGUAGE_STANDARD = gnu11;
				GCC_DYNAMIC_NO_PIC = NO;
				GCC_NO_COMMON_BLOCKS = YES;
				GCC_OPTIMIZATION_LEVEL = 0;
				GCC_PREPROCESSOR_DEFINITIONS = (
					"DEBUG=1",
					"$(inherited)",
				);
				GCC_WARN_64_TO_32_BIT_CONVERSION = YES;
				GCC_WARN_ABOUT_RETURN_TYPE = YES_ERROR;
				GCC_WARN_UNDECLARED_SELECTOR = YES;
				GCC_WARN_UNINITIALIZED_AUTOS = YES_AGGRESSIVE;
				GCC_WARN_UNUSED_FUNCTION = YES;
				GCC_WARN_UNUSED_VARIABLE = YES;
				IPHONEOS_DEPLOYMENT_TARGET = 15.5;
				MTL_ENABLE_DEBUG_INFO = INCLUDE_SOURCE;
				MTL_FAST_MATH = YES;
				ONLY_ACTIVE_ARCH = YES;
				SDKROOT = iphoneos;
				SWIFT_ACTIVE_COMPILATION_CONDITIONS = DEBUG;
				SWIFT_OPTIMIZATION_LEVEL = "-Onone";
			};
			name = Debug;
		};
		AE5B966328A24F6A0055CB00 /* Release */ = {
			isa = XCBuildConfiguration;
			buildSettings = {
				ALWAYS_SEARCH_USER_PATHS = NO;
				CLANG_ANALYZER_NONNULL = YES;
				CLANG_ANALYZER_NUMBER_OBJECT_CONVERSION = YES_AGGRESSIVE;
				CLANG_CXX_LANGUAGE_STANDARD = "gnu++17";
				CLANG_ENABLE_MODULES = YES;
				CLANG_ENABLE_OBJC_ARC = YES;
				CLANG_ENABLE_OBJC_WEAK = YES;
				CLANG_WARN_BLOCK_CAPTURE_AUTORELEASING = YES;
				CLANG_WARN_BOOL_CONVERSION = YES;
				CLANG_WARN_COMMA = YES;
				CLANG_WARN_CONSTANT_CONVERSION = YES;
				CLANG_WARN_DEPRECATED_OBJC_IMPLEMENTATIONS = YES;
				CLANG_WARN_DIRECT_OBJC_ISA_USAGE = YES_ERROR;
				CLANG_WARN_DOCUMENTATION_COMMENTS = YES;
				CLANG_WARN_EMPTY_BODY = YES;
				CLANG_WARN_ENUM_CONVERSION = YES;
				CLANG_WARN_INFINITE_RECURSION = YES;
				CLANG_WARN_INT_CONVERSION = YES;
				CLANG_WARN_NON_LITERAL_NULL_CONVERSION = YES;
				CLANG_WARN_OBJC_IMPLICIT_RETAIN_SELF = YES;
				CLANG_WARN_OBJC_LITERAL_CONVERSION = YES;
				CLANG_WARN_OBJC_ROOT_CLASS = YES_ERROR;
				CLANG_WARN_QUOTED_INCLUDE_IN_FRAMEWORK_HEADER = YES;
				CLANG_WARN_RANGE_LOOP_ANALYSIS = YES;
				CLANG_WARN_STRICT_PROTOTYPES = YES;
				CLANG_WARN_SUSPICIOUS_MOVE = YES;
				CLANG_WARN_UNGUARDED_AVAILABILITY = YES_AGGRESSIVE;
				CLANG_WARN_UNREACHABLE_CODE = YES;
				CLANG_WARN__DUPLICATE_METHOD_MATCH = YES;
				COPY_PHASE_STRIP = NO;
				DEBUG_INFORMATION_FORMAT = "dwarf-with-dsym";
				ENABLE_NS_ASSERTIONS = NO;
				ENABLE_STRICT_OBJC_MSGSEND = YES;
				GCC_C_LANGUAGE_STANDARD = gnu11;
				GCC_NO_COMMON_BLOCKS = YES;
				GCC_WARN_64_TO_32_BIT_CONVERSION = YES;
				GCC_WARN_ABOUT_RETURN_TYPE = YES_ERROR;
				GCC_WARN_UNDECLARED_SELECTOR = YES;
				GCC_WARN_UNINITIALIZED_AUTOS = YES_AGGRESSIVE;
				GCC_WARN_UNUSED_FUNCTION = YES;
				GCC_WARN_UNUSED_VARIABLE = YES;
				IPHONEOS_DEPLOYMENT_TARGET = 15.5;
				MTL_ENABLE_DEBUG_INFO = NO;
				MTL_FAST_MATH = YES;
				SDKROOT = iphoneos;
				SWIFT_COMPILATION_MODE = wholemodule;
				SWIFT_OPTIMIZATION_LEVEL = "-O";
				VALIDATE_PRODUCT = YES;
			};
			name = Release;
		};
		AE5B966528A24F6A0055CB00 /* Debug */ = {
			isa = XCBuildConfiguration;
			buildSettings = {
				ASSETCATALOG_COMPILER_APPICON_NAME = AppIcon;
				ASSETCATALOG_COMPILER_GLOBAL_ACCENT_COLOR_NAME = AccentColor;
				CODE_SIGN_IDENTITY = "Apple Development";
				CODE_SIGN_STYLE = Automatic;
				CURRENT_PROJECT_VERSION = 1;
				DEVELOPMENT_TEAM = 9QVBLDBX4H;
				GENERATE_INFOPLIST_FILE = YES;
				INFOPLIST_FILE = Example/Info.plist;
				INFOPLIST_KEY_UIApplicationSupportsIndirectInputEvents = YES;
				INFOPLIST_KEY_UILaunchStoryboardName = LaunchScreen;
				INFOPLIST_KEY_UIMainStoryboardFile = Main;
				INFOPLIST_KEY_UISupportedInterfaceOrientations_iPad = "UIInterfaceOrientationPortrait UIInterfaceOrientationPortraitUpsideDown UIInterfaceOrientationLandscapeLeft UIInterfaceOrientationLandscapeRight";
				INFOPLIST_KEY_UISupportedInterfaceOrientations_iPhone = "UIInterfaceOrientationPortrait UIInterfaceOrientationLandscapeLeft UIInterfaceOrientationLandscapeRight";
				LD_RUNPATH_SEARCH_PATHS = (
					"$(inherited)",
					"@executable_path/Frameworks",
				);
				MARKETING_VERSION = 1.0;
				PRODUCT_BUNDLE_IDENTIFIER = alemusood.benyam.Example;
				PRODUCT_NAME = "$(TARGET_NAME)";
				PROVISIONING_PROFILE_SPECIFIER = "";
				SWIFT_EMIT_LOC_STRINGS = YES;
				SWIFT_VERSION = 5.0;
				TARGETED_DEVICE_FAMILY = "1,2";
			};
			name = Debug;
		};
		AE5B966628A24F6A0055CB00 /* Release */ = {
			isa = XCBuildConfiguration;
			buildSettings = {
				ASSETCATALOG_COMPILER_APPICON_NAME = AppIcon;
				ASSETCATALOG_COMPILER_GLOBAL_ACCENT_COLOR_NAME = AccentColor;
				CODE_SIGN_IDENTITY = "Apple Development";
				CODE_SIGN_STYLE = Automatic;
				CURRENT_PROJECT_VERSION = 1;
				DEVELOPMENT_TEAM = 9QVBLDBX4H;
				GENERATE_INFOPLIST_FILE = YES;
				INFOPLIST_FILE = Example/Info.plist;
				INFOPLIST_KEY_UIApplicationSupportsIndirectInputEvents = YES;
				INFOPLIST_KEY_UILaunchStoryboardName = LaunchScreen;
				INFOPLIST_KEY_UIMainStoryboardFile = Main;
				INFOPLIST_KEY_UISupportedInterfaceOrientations_iPad = "UIInterfaceOrientationPortrait UIInterfaceOrientationPortraitUpsideDown UIInterfaceOrientationLandscapeLeft UIInterfaceOrientationLandscapeRight";
				INFOPLIST_KEY_UISupportedInterfaceOrientations_iPhone = "UIInterfaceOrientationPortrait UIInterfaceOrientationLandscapeLeft UIInterfaceOrientationLandscapeRight";
				LD_RUNPATH_SEARCH_PATHS = (
					"$(inherited)",
					"@executable_path/Frameworks",
				);
				MARKETING_VERSION = 1.0;
				PRODUCT_BUNDLE_IDENTIFIER = alemusood.benyam.Example;
				PRODUCT_NAME = "$(TARGET_NAME)";
				PROVISIONING_PROFILE_SPECIFIER = "";
				SWIFT_EMIT_LOC_STRINGS = YES;
				SWIFT_VERSION = 5.0;
				TARGETED_DEVICE_FAMILY = "1,2";
			};
			name = Release;
		};
		AEF2ABAC28B4CB1100E90162 /* Debug */ = {
			isa = XCBuildConfiguration;
			buildSettings = {
				BUNDLE_LOADER = "$(TEST_HOST)";
				CODE_SIGN_STYLE = Automatic;
				CURRENT_PROJECT_VERSION = 1;
				DEVELOPMENT_TEAM = 9QVBLDBX4H;
				GENERATE_INFOPLIST_FILE = YES;
				MARKETING_VERSION = 1.0;
				PRODUCT_BUNDLE_IDENTIFIER = alemu.ben.ExampleTests;
				PRODUCT_NAME = "$(TARGET_NAME)";
				SWIFT_EMIT_LOC_STRINGS = NO;
				SWIFT_VERSION = 5.0;
				TARGETED_DEVICE_FAMILY = "1,2";
				TEST_HOST = "$(BUILT_PRODUCTS_DIR)/Example.app/Example";
			};
			name = Debug;
		};
		AEF2ABAD28B4CB1100E90162 /* Release */ = {
			isa = XCBuildConfiguration;
			buildSettings = {
				BUNDLE_LOADER = "$(TEST_HOST)";
				CODE_SIGN_STYLE = Automatic;
				CURRENT_PROJECT_VERSION = 1;
				DEVELOPMENT_TEAM = 9QVBLDBX4H;
				GENERATE_INFOPLIST_FILE = YES;
				MARKETING_VERSION = 1.0;
				PRODUCT_BUNDLE_IDENTIFIER = alemu.ben.ExampleTests;
				PRODUCT_NAME = "$(TARGET_NAME)";
				SWIFT_EMIT_LOC_STRINGS = NO;
				SWIFT_VERSION = 5.0;
				TARGETED_DEVICE_FAMILY = "1,2";
				TEST_HOST = "$(BUILT_PRODUCTS_DIR)/Example.app/Example";
			};
			name = Release;
		};
/* End XCBuildConfiguration section */

/* Begin XCConfigurationList section */
		AE5B964B28A24F690055CB00 /* Build configuration list for PBXProject "Example" */ = {
			isa = XCConfigurationList;
			buildConfigurations = (
				AE5B966228A24F6A0055CB00 /* Debug */,
				AE5B966328A24F6A0055CB00 /* Release */,
			);
			defaultConfigurationIsVisible = 0;
			defaultConfigurationName = Release;
		};
		AE5B966428A24F6A0055CB00 /* Build configuration list for PBXNativeTarget "Example" */ = {
			isa = XCConfigurationList;
			buildConfigurations = (
				AE5B966528A24F6A0055CB00 /* Debug */,
				AE5B966628A24F6A0055CB00 /* Release */,
			);
			defaultConfigurationIsVisible = 0;
			defaultConfigurationName = Release;
		};
		AEF2ABAE28B4CB1100E90162 /* Build configuration list for PBXNativeTarget "ExampleTests" */ = {
			isa = XCConfigurationList;
			buildConfigurations = (
				AEF2ABAC28B4CB1100E90162 /* Debug */,
				AEF2ABAD28B4CB1100E90162 /* Release */,
			);
			defaultConfigurationIsVisible = 0;
			defaultConfigurationName = Release;
		};
/* End XCConfigurationList section */
	};
	rootObject = AE5B964828A24F690055CB00 /* Project object */;
}
